<?xml version="1.0" encoding="utf-8"?>
<Project ToolsVersion="4.0" xmlns="http://schemas.microsoft.com/developer/msbuild/2003">
  <ItemGroup>
    <Filter Include="소스 파일">
      <UniqueIdentifier>{4FC737F1-C7A5-4376-A066-2A32D752A2FF}</UniqueIdentifier>
      <Extensions>cpp;c;cc;cxx;def;odl;idl;hpj;bat;asm;asmx</Extensions>
    </Filter>
    <Filter Include="헤더 파일">
      <UniqueIdentifier>{93995380-89BD-4b04-88EB-625FBE52EBFB}</UniqueIdentifier>
      <Extensions>h;hpp;hxx;hm;inl;inc;xsd</Extensions>
    </Filter>
    <Filter Include="리소스 파일">
      <UniqueIdentifier>{67DA6AB6-F800-4c08-8B7A-83BB121AAD01}</UniqueIdentifier>
      <Extensions>rc;ico;cur;bmp;dlg;rc2;rct;bin;rgs;gif;jpg;jpeg;jpe;resx;tiff;tif;png;wav;mfcribbon-ms</Extensions>
    </Filter>
    <Filter Include="소스 파일\Action폴더">
      <UniqueIdentifier>{6f221b0c-5f91-43d4-a39b-f8076c3c1f09}</UniqueIdentifier>
    </Filter>
    <Filter Include="소스 파일\obj 파싱">
      <UniqueIdentifier>{755faafe-237b-4176-801a-e707f20b58c8}</UniqueIdentifier>
    </Filter>
    <Filter Include="소스 파일\Frustum 컬링">
      <UniqueIdentifier>{0b672203-9b65-45ab-8e14-235fb7923811}</UniqueIdentifier>
    </Filter>
    <Filter Include="소스 파일\Manager 모음">
      <UniqueIdentifier>{b08f95dc-d25e-46f0-8ed0-0a2372e320f8}</UniqueIdentifier>
    </Filter>
    <Filter Include="소스 파일\Xfile 로더">
      <UniqueIdentifier>{34ff073c-2302-4a1d-b936-ab967c8791b1}</UniqueIdentifier>
    </Filter>
    <Filter Include="소스 파일\큐브,그리드,피라미드">
      <UniqueIdentifier>{31e3c504-48bd-4c25-8525-7d913936f811}</UniqueIdentifier>
    </Filter>
    <Filter Include="소스 파일\카메라">
      <UniqueIdentifier>{dbc57a9b-4c70-443b-954d-5c1687fda5a7}</UniqueIdentifier>
    </Filter>
    <Filter Include="소스 파일\Utill">
      <UniqueIdentifier>{b366e414-01c3-4a78-8969-8e2430058638}</UniqueIdentifier>
    </Filter>
    <Filter Include="헤더 파일\잡코드모음">
      <UniqueIdentifier>{da0f4438-05df-4f7c-afe5-eb9ab30995dd}</UniqueIdentifier>
    </Filter>
    <Filter Include="소스 파일\Maingame,D3D">
      <UniqueIdentifier>{9354da05-30e3-4e94-be7d-0d214752911c}</UniqueIdentifier>
    </Filter>
    <Filter Include="소스 파일\Manager 모음\key">
      <UniqueIdentifier>{01765ddf-659b-4cdf-84fb-5f78a1361173}</UniqueIdentifier>
    </Filter>
    <Filter Include="소스 파일\Manager 모음\Texture">
      <UniqueIdentifier>{09770514-27fe-4e12-83e9-5704de5fe5ca}</UniqueIdentifier>
    </Filter>
    <Filter Include="소스 파일\Manager 모음\log">
      <UniqueIdentifier>{2b56f078-c4b7-482a-9c78-5ce5d183c6f9}</UniqueIdentifier>
    </Filter>
    <Filter Include="소스 파일\Manager 모음\sound">
      <UniqueIdentifier>{3b132200-345e-4ccf-be5a-c8473a879a91}</UniqueIdentifier>
    </Filter>
    <Filter Include="소스 파일\Manager 모음\Time">
      <UniqueIdentifier>{bb5488c9-ffb8-4653-897b-99b92b30e314}</UniqueIdentifier>
    </Filter>
    <Filter Include="소스 파일\Manager 모음\font">
      <UniqueIdentifier>{38076e71-c7a2-4d3a-940a-fd7c51545f93}</UniqueIdentifier>
    </Filter>
    <Filter Include="소스 파일\Manager 모음\Device,AutoRelease">
      <UniqueIdentifier>{96b2c7fe-08b8-46d0-bfd6-4947e531ecde}</UniqueIdentifier>
    </Filter>
    <Filter Include="소스 파일\Bounding">
      <UniqueIdentifier>{8f469fc0-8515-4173-9bc8-d610f7c031ee}</UniqueIdentifier>
    </Filter>
    <Filter Include="소스 파일\UI">
      <UniqueIdentifier>{da50dd0f-a199-4a99-9c14-64f9a72cd959}</UniqueIdentifier>
    </Filter>
    <Filter Include="소스 파일\UI\image">
      <UniqueIdentifier>{99021247-35bb-461f-9f1a-35420d31963d}</UniqueIdentifier>
    </Filter>
    <Filter Include="소스 파일\JEONGJEHO">
      <UniqueIdentifier>{c0aa7039-750a-4084-aba0-66dda257469d}</UniqueIdentifier>
    </Filter>
    <Filter Include="소스 파일\JEONGJEHO\0. FX Loader">
      <UniqueIdentifier>{ab178e95-b3d1-48cd-bd57-95712fc20863}</UniqueIdentifier>
    </Filter>
  </ItemGroup>
  <ItemGroup>
    <None Include="ReadMe.txt" />
    <None Include="small.ico">
      <Filter>리소스 파일</Filter>
    </None>
    <None Include="Dx3D.ico">
      <Filter>리소스 파일</Filter>
    </None>
  </ItemGroup>
  <ItemGroup>
    <ClInclude Include="stdafx.h">
      <Filter>헤더 파일</Filter>
    </ClInclude>
    <ClInclude Include="targetver.h">
      <Filter>헤더 파일</Filter>
    </ClInclude>
    <ClInclude Include="Resource.h">
      <Filter>헤더 파일</Filter>
    </ClInclude>
    <ClInclude Include="cAllocateHierarchy.h">
      <Filter>소스 파일\Xfile 로더</Filter>
    </ClInclude>
    <ClInclude Include="cAnimation.h">
      <Filter>소스 파일\Xfile 로더</Filter>
    </ClInclude>
    <ClInclude Include="cAnimation_M.h">
      <Filter>소스 파일\Xfile 로더</Filter>
    </ClInclude>
    <ClInclude Include="Terrain.h">
      <Filter>헤더 파일</Filter>
    </ClInclude>
    <ClInclude Include="cAction.h">
      <Filter>소스 파일\Action폴더</Filter>
    </ClInclude>
    <ClInclude Include="cActionMove.h">
      <Filter>소스 파일\Action폴더</Filter>
    </ClInclude>
    <ClInclude Include="cActionRepeat.h">
      <Filter>소스 파일\Action폴더</Filter>
    </ClInclude>
    <ClInclude Include="cActionSeq.h">
      <Filter>소스 파일\Action폴더</Filter>
    </ClInclude>
    <ClInclude Include="cText.h">
      <Filter>헤더 파일</Filter>
    </ClInclude>
    <ClInclude Include="cObjMap.h">
      <Filter>소스 파일\obj 파싱</Filter>
    </ClInclude>
    <ClInclude Include="cObject.h">
      <Filter>소스 파일\obj 파싱</Filter>
    </ClInclude>
    <ClInclude Include="cObjLoader.h">
      <Filter>소스 파일\obj 파싱</Filter>
    </ClInclude>
    <ClInclude Include="cGroup.h">
      <Filter>소스 파일\obj 파싱</Filter>
    </ClInclude>
    <ClInclude Include="cMtlTex.h">
      <Filter>소스 파일\obj 파싱</Filter>
    </ClInclude>
    <ClInclude Include="cRay.h">
      <Filter>소스 파일\Manager 모음</Filter>
    </ClInclude>
    <ClInclude Include="iMap.h">
      <Filter>소스 파일\obj 파싱</Filter>
    </ClInclude>
    <ClInclude Include="FrustumClling.h">
      <Filter>소스 파일\Frustum 컬링</Filter>
    </ClInclude>
    <ClInclude Include="cGrid.h">
      <Filter>소스 파일\큐브,그리드,피라미드</Filter>
    </ClInclude>
    <ClInclude Include="cCube.h">
      <Filter>소스 파일\큐브,그리드,피라미드</Filter>
    </ClInclude>
    <ClInclude Include="cCrtController.h">
      <Filter>소스 파일\큐브,그리드,피라미드</Filter>
    </ClInclude>
    <ClInclude Include="cPyramid.h">
      <Filter>소스 파일\큐브,그리드,피라미드</Filter>
    </ClInclude>
    <ClInclude Include="Asciitok.h">
      <Filter>소스 파일\obj 파싱</Filter>
    </ClInclude>
    <ClInclude Include="cCamera.h">
      <Filter>소스 파일\카메라</Filter>
    </ClInclude>
    <ClInclude Include="cUtill.h">
      <Filter>소스 파일\Utill</Filter>
    </ClInclude>
    <ClInclude Include="All_Include.h">
      <Filter>헤더 파일\잡코드모음</Filter>
    </ClInclude>
    <ClInclude Include="cGameObject.h">
      <Filter>소스 파일\obj 파싱</Filter>
    </ClInclude>
    <ClInclude Include="All_struct.h">
      <Filter>헤더 파일\잡코드모음</Filter>
    </ClInclude>
    <ClInclude Include="All_Manager.h">
      <Filter>헤더 파일\잡코드모음</Filter>
    </ClInclude>
    <ClInclude Include="All_Macro.h">
      <Filter>헤더 파일\잡코드모음</Filter>
    </ClInclude>
    <ClInclude Include="Dx3D.h">
      <Filter>소스 파일\Maingame,D3D</Filter>
    </ClInclude>
    <ClInclude Include="cMainGame.h">
      <Filter>소스 파일\Maingame,D3D</Filter>
    </ClInclude>
    <ClInclude Include="cDeviceManager.h">
      <Filter>소스 파일\Manager 모음\Device,AutoRelease</Filter>
    </ClInclude>
    <ClInclude Include="cSoundManager.h">
      <Filter>소스 파일\Manager 모음\sound</Filter>
    </ClInclude>
    <ClInclude Include="cTextureManager.h">
      <Filter>소스 파일\Manager 모음\Texture</Filter>
    </ClInclude>
    <ClInclude Include="cTimeManager.h">
      <Filter>소스 파일\Manager 모음\Time</Filter>
    </ClInclude>
    <ClInclude Include="fontManager.h">
      <Filter>소스 파일\Manager 모음\font</Filter>
    </ClInclude>
    <ClInclude Include="keyManager.h">
      <Filter>소스 파일\Manager 모음\key</Filter>
    </ClInclude>
    <ClInclude Include="logManager.h">
      <Filter>소스 파일\Manager 모음\log</Filter>
    </ClInclude>
    <ClInclude Include="cAutoReleasePool.h">
      <Filter>소스 파일\Manager 모음\Device,AutoRelease</Filter>
    </ClInclude>
    <ClInclude Include="Image.h">
      <Filter>소스 파일\UI\image</Filter>
    </ClInclude>
    <ClInclude Include="cBoundingSphere.h">
      <Filter>소스 파일\Bounding</Filter>
    </ClInclude>
    <ClInclude Include="cFrustum.h">
      <Filter>소스 파일\Frustum 컬링</Filter>
    </ClInclude>
    <ClInclude Include="cBoundingRect.h">
      <Filter>소스 파일\Bounding</Filter>
    </ClInclude>
    <ClInclude Include="cUIObject.h">
      <Filter>소스 파일\UI</Filter>
    </ClInclude>
    <ClInclude Include="cUITextView.h">
      <Filter>소스 파일\UI</Filter>
    </ClInclude>
    <ClInclude Include="cUIImageView.h">
      <Filter>소스 파일\UI</Filter>
    </ClInclude>
    <ClInclude Include="cUIButton.h">
      <Filter>소스 파일\UI</Filter>
    </ClInclude>
    <ClInclude Include="cSky.h">
      <Filter>소스 파일\JEONGJEHO</Filter>
    </ClInclude>
    <ClInclude Include="cFxLoader.h">
      <Filter>소스 파일\JEONGJEHO\0. FX Loader</Filter>
    </ClInclude>
    <ClInclude Include="UiMain.h">
      <Filter>소스 파일\UI</Filter>
    </ClInclude>
    <ClInclude Include="cObjectAllocate.h">
      <Filter>소스 파일\Xfile 로더</Filter>
    </ClInclude>
    <ClInclude Include="cObjectXfile.h">
      <Filter>소스 파일\Xfile 로더</Filter>
    </ClInclude>
  </ItemGroup>
  <ItemGroup>
    <ClCompile Include="stdafx.cpp">
      <Filter>소스 파일</Filter>
    </ClCompile>
    <ClCompile Include="cAllocateHierarchy.cpp">
      <Filter>소스 파일\Xfile 로더</Filter>
    </ClCompile>
    <ClCompile Include="cAnimation.cpp">
      <Filter>소스 파일\Xfile 로더</Filter>
    </ClCompile>
    <ClCompile Include="cAnimation_M.cpp">
      <Filter>소스 파일\Xfile 로더</Filter>
    </ClCompile>
    <ClCompile Include="Terrain.cpp">
      <Filter>소스 파일</Filter>
    </ClCompile>
    <ClCompile Include="cActionSeq.cpp">
      <Filter>소스 파일\Action폴더</Filter>
    </ClCompile>
    <ClCompile Include="cActionRepeat.cpp">
      <Filter>소스 파일\Action폴더</Filter>
    </ClCompile>
    <ClCompile Include="cActionMove.cpp">
      <Filter>소스 파일\Action폴더</Filter>
    </ClCompile>
    <ClCompile Include="cAction.cpp">
      <Filter>소스 파일\Action폴더</Filter>
    </ClCompile>
    <ClCompile Include="cText.cpp">
      <Filter>소스 파일</Filter>
    </ClCompile>
    <ClCompile Include="cObject.cpp">
      <Filter>소스 파일\obj 파싱</Filter>
    </ClCompile>
    <ClCompile Include="cObjLoader.cpp">
      <Filter>소스 파일\obj 파싱</Filter>
    </ClCompile>
    <ClCompile Include="cObjMap.cpp">
      <Filter>소스 파일\obj 파싱</Filter>
    </ClCompile>
    <ClCompile Include="cGroup.cpp">
      <Filter>소스 파일\obj 파싱</Filter>
    </ClCompile>
    <ClCompile Include="cMtlTex.cpp">
      <Filter>소스 파일\obj 파싱</Filter>
    </ClCompile>
    <ClCompile Include="cRay.cpp">
      <Filter>소스 파일\Manager 모음</Filter>
    </ClCompile>
    <ClCompile Include="iMap.cpp">
      <Filter>소스 파일\obj 파싱</Filter>
    </ClCompile>
    <ClCompile Include="FrustumClling.cpp">
      <Filter>소스 파일\Frustum 컬링</Filter>
    </ClCompile>
    <ClCompile Include="cCube.cpp">
      <Filter>소스 파일\큐브,그리드,피라미드</Filter>
    </ClCompile>
    <ClCompile Include="cCrtController.cpp">
      <Filter>소스 파일\큐브,그리드,피라미드</Filter>
    </ClCompile>
    <ClCompile Include="cGrid.cpp">
      <Filter>소스 파일\큐브,그리드,피라미드</Filter>
    </ClCompile>
    <ClCompile Include="cPyramid.cpp">
      <Filter>소스 파일\큐브,그리드,피라미드</Filter>
    </ClCompile>
    <ClCompile Include="cCamera.cpp">
      <Filter>소스 파일\카메라</Filter>
    </ClCompile>
    <ClCompile Include="cUtill.cpp">
      <Filter>소스 파일\Utill</Filter>
    </ClCompile>
    <ClCompile Include="All_Include.cpp">
      <Filter>헤더 파일\잡코드모음</Filter>
    </ClCompile>
    <ClCompile Include="cGameObject.cpp">
      <Filter>소스 파일\obj 파싱</Filter>
    </ClCompile>
    <ClCompile Include="All_struct.cpp">
      <Filter>헤더 파일\잡코드모음</Filter>
    </ClCompile>
    <ClCompile Include="All_Manager.cpp">
      <Filter>헤더 파일\잡코드모음</Filter>
    </ClCompile>
    <ClCompile Include="All_Macro.cpp">
      <Filter>헤더 파일\잡코드모음</Filter>
    </ClCompile>
    <ClCompile Include="Dx3D.cpp">
      <Filter>소스 파일\Maingame,D3D</Filter>
    </ClCompile>
    <ClCompile Include="cMainGame.cpp">
      <Filter>소스 파일\Maingame,D3D</Filter>
    </ClCompile>
    <ClCompile Include="cDeviceManager.cpp">
      <Filter>소스 파일\Manager 모음\Device,AutoRelease</Filter>
    </ClCompile>
    <ClCompile Include="cSoundManager.cpp">
      <Filter>소스 파일\Manager 모음\sound</Filter>
    </ClCompile>
    <ClCompile Include="cTextureManager.cpp">
      <Filter>소스 파일\Manager 모음\Texture</Filter>
    </ClCompile>
    <ClCompile Include="cTimeManager.cpp">
      <Filter>소스 파일\Manager 모음\Time</Filter>
    </ClCompile>
    <ClCompile Include="fontManager.cpp">
      <Filter>소스 파일\Manager 모음\font</Filter>
    </ClCompile>
    <ClCompile Include="keyManager.cpp">
      <Filter>소스 파일\Manager 모음\key</Filter>
    </ClCompile>
    <ClCompile Include="logManager.cpp">
      <Filter>소스 파일\Manager 모음\log</Filter>
    </ClCompile>
    <ClCompile Include="cAutoReleasePool.cpp">
      <Filter>소스 파일\Manager 모음\Device,AutoRelease</Filter>
    </ClCompile>
    <ClCompile Include="Image.cpp">
      <Filter>소스 파일\UI\image</Filter>
    </ClCompile>
    <ClCompile Include="cBoundingSphere.cpp">
      <Filter>소스 파일\Bounding</Filter>
    </ClCompile>
    <ClCompile Include="cFrustum.cpp">
      <Filter>소스 파일\Frustum 컬링</Filter>
    </ClCompile>
    <ClCompile Include="cBoundingRect.cpp">
      <Filter>소스 파일\Bounding</Filter>
    </ClCompile>
    <ClCompile Include="cUIObject.cpp">
      <Filter>소스 파일\UI</Filter>
    </ClCompile>
    <ClCompile Include="cUITextView.cpp">
      <Filter>소스 파일\UI</Filter>
    </ClCompile>
    <ClCompile Include="cUIImageView.cpp">
      <Filter>소스 파일\UI</Filter>
    </ClCompile>
    <ClCompile Include="cUIButton.cpp">
      <Filter>소스 파일\UI</Filter>
    </ClCompile>
    <ClCompile Include="cSky.cpp">
      <Filter>소스 파일\JEONGJEHO</Filter>
    </ClCompile>
    <ClCompile Include="cFxLoader.cpp">
      <Filter>소스 파일\JEONGJEHO\0. FX Loader</Filter>
    </ClCompile>
    <ClCompile Include="UiMain.cpp">
      <Filter>소스 파일\UI</Filter>
    </ClCompile>
    <ClCompile Include="cObjectAllocate.cpp">
      <Filter>소스 파일\Xfile 로더</Filter>
    </ClCompile>
    <ClCompile Include="cObjectXfile.cpp">
      <Filter>소스 파일\Xfile 로더</Filter>
    </ClCompile>
  </ItemGroup>
  <ItemGroup>
    <ResourceCompile Include="Dx3D.rc">
      <Filter>리소스 파일</Filter>
    </ResourceCompile>
  </ItemGroup>
</Project>